{
  "name": "tikz-renderer",
  "version": "0.1.0",
  "lockfileVersion": 3,
  "requires": true,
  "packages": {
    "": {
      "name": "tikz-renderer",
      "version": "0.1.0",
      "devDependencies": {
        "@codemirror/state": "6.5.2",
        "@codemirror/view": "6.36.5",
        "@types/node": "22.15.17",
        "esbuild": "0.25.5",
        "obsidian": "1.8.7",
        "typescript": "5.8.3"
      }
    },
    "node_modules/@codemirror/state": {
      "version": "6.5.2",
      "resolved": "https://registry.npmjs.org/@codemirror/state/-/state-6.5.2.tgz",
      "integrity": "sha512-Qg4g7YlY3bKxWv3f7fZ3xQmR6b2Jm1d0e9Q9r7n8d0n0b1h7v6z3w2k8n5m1d4p2r9t7v3q1s5u8x6y2z4w=="
    }
  }
}